
Microsoft Visual Studio Solution File, Format Version 12.00
# Visual Studio Version 16
VisualStudioVersion = 16.0.28705.295
MinimumVisualStudioVersion = 10.0.40219.1
Project("{9A19103F-16F7-4668-BE54-9A1E7A4F7556}") = "Uno.Diagnostics.Eventing", "Uno.Diagnostics.Eventing\Uno.Diagnostics.Eventing.csproj", "{71542214-EFC1-4239-BF4D-CA94E2A2609B}"
EndProject
Project("{9A19103F-16F7-4668-BE54-9A1E7A4F7556}") = "Uno.Diagnostics.Eventing.Providers", "Uno.Diagnostics.Eventing.Providers\Uno.Diagnostics.Eventing.Providers.csproj", "{3F84327D-025D-44F7-8F7C-B520E6B69B1D}"
EndProject
Project("{9A19103F-16F7-4668-BE54-9A1E7A4F7556}") = "Uno.ETLTranslator", "Uno.ETLTranslator\Uno.ETLTranslator.csproj", "{66735309-7D6D-4B9B-9AA4-881A38EF1EE5}"
EndProject
Global
	GlobalSection(SolutionConfigurationPlatforms) = preSolution
		Debug|Any CPU = Debug|Any CPU
		Release|Any CPU = Release|Any CPU
	EndGlobalSection
	GlobalSection(ProjectConfigurationPlatforms) = postSolution
		{71542214-EFC1-4239-BF4D-CA94E2A2609B}.Debug|Any CPU.ActiveCfg = Debug|Any CPU
		{71542214-EFC1-4239-BF4D-CA94E2A2609B}.Debug|Any CPU.Build.0 = Debug|Any CPU
		{71542214-EFC1-4239-BF4D-CA94E2A2609B}.Release|Any CPU.ActiveCfg = Release|Any CPU
		{71542214-EFC1-4239-BF4D-CA94E2A2609B}.Release|Any CPU.Build.0 = Release|Any CPU
		{3F84327D-025D-44F7-8F7C-B520E6B69B1D}.Debug|Any CPU.ActiveCfg = Debug|Any CPU
		{3F84327D-025D-44F7-8F7C-B520E6B69B1D}.Debug|Any CPU.Build.0 = Debug|Any CPU
		{3F84327D-025D-44F7-8F7C-B520E6B69B1D}.Release|Any CPU.ActiveCfg = Release|Any CPU
		{3F84327D-025D-44F7-8F7C-B520E6B69B1D}.Release|Any CPU.Build.0 = Release|Any CPU
		{66735309-7D6D-4B9B-9AA4-881A38EF1EE5}.Debug|Any CPU.ActiveCfg = Debug|Any CPU
		{66735309-7D6D-4B9B-9AA4-881A38EF1EE5}.Debug|Any CPU.Build.0 = Debug|Any CPU
		{66735309-7D6D-4B9B-9AA4-881A38EF1EE5}.Release|Any CPU.ActiveCfg = Release|Any CPU
		{66735309-7D6D-4B9B-9AA4-881A38EF1EE5}.Release|Any CPU.Build.0 = Release|Any CPU
	EndGlobalSection
	GlobalSection(SolutionProperties) = preSolution
		HideSolutionNode = FALSE
	EndGlobalSection
	GlobalSection(ExtensibilityGlobals) = postSolution
		SolutionGuid = {73F629F9-6A5F-4128-A272-38F294908090}
	EndGlobalSection
EndGlobal
